
Microsoft Visual Studio Solution File, Format Version 12.00
# Visual Studio Version 17
VisualStudioVersion = 17.12.35527.113
MinimumVisualStudioVersion = 10.0.40219.1
Project("{FAE04EC0-301F-11D3-BF4B-00C04F79EFBC}") = "MSO3", "MSO3\MSO3.csproj", "{1F9EE064-FE2C-4B83-86F4-ED221BEE7F87}"
EndProject
Project("{FAE04EC0-301F-11D3-BF4B-00C04F79EFBC}") = "TestEnvironment", "TestEnvironment\TestEnvironment.csproj", "{FAED7483-D875-41FC-BA33-3C7824E0334C}"
EndProject
Global
	GlobalSection(SolutionConfigurationPlatforms) = preSolution
		Debug|Any CPU = Debug|Any CPU
		Release|Any CPU = Release|Any CPU
	EndGlobalSection
	GlobalSection(ProjectConfigurationPlatforms) = postSolution
		{1F9EE064-FE2C-4B83-86F4-ED221BEE7F87}.Debug|Any CPU.ActiveCfg = Debug|Any CPU
		{1F9EE064-FE2C-4B83-86F4-ED221BEE7F87}.Debug|Any CPU.Build.0 = Debug|Any CPU
		{1F9EE064-FE2C-4B83-86F4-ED221BEE7F87}.Release|Any CPU.ActiveCfg = Release|Any CPU
		{1F9EE064-FE2C-4B83-86F4-ED221BEE7F87}.Release|Any CPU.Build.0 = Release|Any CPU
		{FAED7483-D875-41FC-BA33-3C7824E0334C}.Debug|Any CPU.ActiveCfg = Debug|Any CPU
		{FAED7483-D875-41FC-BA33-3C7824E0334C}.Debug|Any CPU.Build.0 = Debug|Any CPU
		{FAED7483-D875-41FC-BA33-3C7824E0334C}.Release|Any CPU.ActiveCfg = Release|Any CPU
		{FAED7483-D875-41FC-BA33-3C7824E0334C}.Release|Any CPU.Build.0 = Release|Any CPU
	EndGlobalSection
	GlobalSection(SolutionProperties) = preSolution
		HideSolutionNode = FALSE
	EndGlobalSection
EndGlobal
